
Microsoft Visual Studio Solution File, Format Version 12.00
# Visual Studio Version 17
VisualStudioVersion = 17.10.34928.147
MinimumVisualStudioVersion = 10.0.40219.1
Project("{FAE04EC0-301F-11D3-BF4B-00C04F79EFBC}") = "lxd", "lxd.csproj", "{37CE47E2-B413-45CC-95A3-FA4D588644EF}"
EndProject
Global
	GlobalSection(SolutionConfigurationPlatforms) = preSolution
		Debug|Any CPU = Debug|Any CPU
		Release|Any CPU = Release|Any CPU
	EndGlobalSection
	GlobalSection(ProjectConfigurationPlatforms) = postSolution
		{37CE47E2-B413-45CC-95A3-FA4D588644EF}.Debug|Any CPU.ActiveCfg = Debug|Any CPU
		{37CE47E2-B413-45CC-95A3-FA4D588644EF}.Debug|Any CPU.Build.0 = Debug|Any CPU
		{37CE47E2-B413-45CC-95A3-FA4D588644EF}.Release|Any CPU.ActiveCfg = Release|Any CPU
		{37CE47E2-B413-45CC-95A3-FA4D588644EF}.Release|Any CPU.Build.0 = Release|Any CPU
	EndGlobalSection
	GlobalSection(SolutionProperties) = preSolution
		HideSolutionNode = FALSE
	EndGlobalSection
	GlobalSection(ExtensibilityGlobals) = postSolution
		SolutionGuid = {6E73DF13-4251-47F0-8390-F24A518E9318}
	EndGlobalSection
EndGlobal
